
Microsoft Visual Studio Solution File, Format Version 12.00
# Visual Studio Version 16
VisualStudioVersion = 16.0.29519.87
MinimumVisualStudioVersion = 10.0.40219.1
Project("{9A19103F-16F7-4668-BE54-9A1E7A4F7556}") = "OnlineMovieDatabase", "OnlineMoviesDatabase\OnlineMovieDatabase.csproj", "{4EA59C98-DE16-4595-A7AC-06D6EFB8568B}"
EndProject
Global
	GlobalSection(SolutionConfigurationPlatforms) = preSolution
		Debug|Any CPU = Debug|Any CPU
		Release|Any CPU = Release|Any CPU
	EndGlobalSection
	GlobalSection(ProjectConfigurationPlatforms) = postSolution
		{4EA59C98-DE16-4595-A7AC-06D6EFB8568B}.Debug|Any CPU.ActiveCfg = Debug|Any CPU
		{4EA59C98-DE16-4595-A7AC-06D6EFB8568B}.Debug|Any CPU.Build.0 = Debug|Any CPU
		{4EA59C98-DE16-4595-A7AC-06D6EFB8568B}.Release|Any CPU.ActiveCfg = Release|Any CPU
		{4EA59C98-DE16-4595-A7AC-06D6EFB8568B}.Release|Any CPU.Build.0 = Release|Any CPU
	EndGlobalSection
	GlobalSection(SolutionProperties) = preSolution
		HideSolutionNode = FALSE
	EndGlobalSection
	GlobalSection(ExtensibilityGlobals) = postSolution
		SolutionGuid = {3D5CFB8B-F03E-416A-9000-E114D18295BC}
	EndGlobalSection
EndGlobal
